
Microsoft Visual Studio Solution File, Format Version 12.00
# Visual Studio Version 17
VisualStudioVersion = 17.5.002.0
MinimumVisualStudioVersion = 10.0.40219.1
Project("{9A19103F-16F7-4668-BE54-9A1E7A4F7556}") = "ApiCrud", "ApiCrud\ApiCrud.csproj", "{A9F1E29D-D603-43C2-911F-580A795840BC}"
EndProject
Global
	GlobalSection(SolutionConfigurationPlatforms) = preSolution
		Debug|Any CPU = Debug|Any CPU
		Release|Any CPU = Release|Any CPU
	EndGlobalSection
	GlobalSection(ProjectConfigurationPlatforms) = postSolution
		{A9F1E29D-D603-43C2-911F-580A795840BC}.Debug|Any CPU.ActiveCfg = Debug|Any CPU
		{A9F1E29D-D603-43C2-911F-580A795840BC}.Debug|Any CPU.Build.0 = Debug|Any CPU
		{A9F1E29D-D603-43C2-911F-580A795840BC}.Release|Any CPU.ActiveCfg = Release|Any CPU
		{A9F1E29D-D603-43C2-911F-580A795840BC}.Release|Any CPU.Build.0 = Release|Any CPU
	EndGlobalSection
	GlobalSection(SolutionProperties) = preSolution
		HideSolutionNode = FALSE
	EndGlobalSection
	GlobalSection(ExtensibilityGlobals) = postSolution
		SolutionGuid = {25D70A18-E118-4085-BACD-8E1AE5359272}
	EndGlobalSection
EndGlobal
